
Microsoft Visual Studio Solution File, Format Version 12.00
# Visual Studio Version 16
VisualStudioVersion = 16.0.31515.178
MinimumVisualStudioVersion = 10.0.40219.1
Project("{FAE04EC0-301F-11D3-BF4B-00C04F79EFBC}") = "BookStore.API", "BookStore.API\BookStore.API.csproj", "{FEB1FD82-DEC0-4DB8-8F53-897AF5D9155A}"
EndProject
Global
	GlobalSection(SolutionConfigurationPlatforms) = preSolution
		Debug|Any CPU = Debug|Any CPU
		Release|Any CPU = Release|Any CPU
	EndGlobalSection
	GlobalSection(ProjectConfigurationPlatforms) = postSolution
		{FEB1FD82-DEC0-4DB8-8F53-897AF5D9155A}.Debug|Any CPU.ActiveCfg = Debug|Any CPU
		{FEB1FD82-DEC0-4DB8-8F53-897AF5D9155A}.Debug|Any CPU.Build.0 = Debug|Any CPU
		{FEB1FD82-DEC0-4DB8-8F53-897AF5D9155A}.Release|Any CPU.ActiveCfg = Release|Any CPU
		{FEB1FD82-DEC0-4DB8-8F53-897AF5D9155A}.Release|Any CPU.Build.0 = Release|Any CPU
	EndGlobalSection
	GlobalSection(SolutionProperties) = preSolution
		HideSolutionNode = FALSE
	EndGlobalSection
	GlobalSection(ExtensibilityGlobals) = postSolution
		SolutionGuid = {470B67E9-689E-44A4-A728-5D43878DE2F9}
	EndGlobalSection
EndGlobal
